
Microsoft Visual Studio Solution File, Format Version 12.00
# Visual Studio Version 17
VisualStudioVersion = 17.8.34525.116
MinimumVisualStudioVersion = 10.0.40219.1
Project("{FAE04EC0-301F-11D3-BF4B-00C04F79EFBC}") = "Ejercicios Parcial", "Pogramas del parcial\Ejercicios Parcial.csproj", "{4C908CEB-FE99-43DE-9166-610E2C1A43E7}"
EndProject
Global
	GlobalSection(SolutionConfigurationPlatforms) = preSolution
		Debug|Any CPU = Debug|Any CPU
		Release|Any CPU = Release|Any CPU
	EndGlobalSection
	GlobalSection(ProjectConfigurationPlatforms) = postSolution
		{4C908CEB-FE99-43DE-9166-610E2C1A43E7}.Debug|Any CPU.ActiveCfg = Debug|Any CPU
		{4C908CEB-FE99-43DE-9166-610E2C1A43E7}.Debug|Any CPU.Build.0 = Debug|Any CPU
		{4C908CEB-FE99-43DE-9166-610E2C1A43E7}.Release|Any CPU.ActiveCfg = Release|Any CPU
		{4C908CEB-FE99-43DE-9166-610E2C1A43E7}.Release|Any CPU.Build.0 = Release|Any CPU
	EndGlobalSection
	GlobalSection(SolutionProperties) = preSolution
		HideSolutionNode = FALSE
	EndGlobalSection
	GlobalSection(ExtensibilityGlobals) = postSolution
		SolutionGuid = {86A6B4B4-3558-4A6D-A36F-9435C7B6FC17}
	EndGlobalSection
EndGlobal
